
Microsoft Visual Studio Solution File, Format Version 12.00
# Visual Studio Version 17
VisualStudioVersion = 17.0.32014.148
MinimumVisualStudioVersion = 10.0.40219.1
Project("{FAE04EC0-301F-11D3-BF4B-00C04F79EFBC}") = "CoffeeApp", "CoffeeApp\CoffeeApp.csproj", "{B7EDBD6B-D33B-4F5E-B849-F5AA2B21249A}"
EndProject
Global
	GlobalSection(SolutionConfigurationPlatforms) = preSolution
		Debug|Any CPU = Debug|Any CPU
		Release|Any CPU = Release|Any CPU
	EndGlobalSection
	GlobalSection(ProjectConfigurationPlatforms) = postSolution
		{B7EDBD6B-D33B-4F5E-B849-F5AA2B21249A}.Debug|Any CPU.ActiveCfg = Debug|Any CPU
		{B7EDBD6B-D33B-4F5E-B849-F5AA2B21249A}.Debug|Any CPU.Build.0 = Debug|Any CPU
		{B7EDBD6B-D33B-4F5E-B849-F5AA2B21249A}.Release|Any CPU.ActiveCfg = Release|Any CPU
		{B7EDBD6B-D33B-4F5E-B849-F5AA2B21249A}.Release|Any CPU.Build.0 = Release|Any CPU
	EndGlobalSection
	GlobalSection(SolutionProperties) = preSolution
		HideSolutionNode = FALSE
	EndGlobalSection
	GlobalSection(ExtensibilityGlobals) = postSolution
		SolutionGuid = {98A38BCC-9EB2-4B5B-8422-54B7C467C213}
	EndGlobalSection
EndGlobal
